# This file is automatically @generated by Cargo.
# It is not intended for manual editing.
version = 3

[[package]]
name = "aead"
version = "0.3.2"
source = "registry+https://github.com/rust-lang/crates.io-index"
checksum = "7fc95d1bdb8e6666b2b217308eeeb09f2d6728d104be3e31916cc74d15420331"
dependencies = [
 "generic-array",
]

[[package]]
name = "aes"
version = "0.6.0"
source = "registry+https://github.com/rust-lang/crates.io-index"
checksum = "884391ef1066acaa41e766ba8f596341b96e93ce34f9a43e7d24bf0a0eaf0561"
dependencies = [
 "aes-soft",
 "aesni",
 "cipher",
]

[[package]]
name = "aes-gcm"
version = "0.8.0"
source = "registry+https://github.com/rust-lang/crates.io-index"
checksum = "5278b5fabbb9bd46e24aa69b2fdea62c99088e0a950a9be40e3e0101298f88da"
dependencies = [
 "aead",
 "aes",
 "cipher",
 "ctr",
 "ghash",
 "subtle",
]

[[package]]
name = "aes-soft"
version = "0.6.4"
source = "registry+https://github.com/rust-lang/crates.io-index"
checksum = "be14c7498ea50828a38d0e24a765ed2effe92a705885b57d029cd67d45744072"
dependencies = [
 "cipher",
 "opaque-debug",
]

[[package]]
name = "aesni"
version = "0.10.0"
source = "registry+https://github.com/rust-lang/crates.io-index"
checksum = "ea2e11f5e94c2f7d386164cc2aa1f97823fed6f259e486940a71c174dd01b0ce"
dependencies = [
 "cipher",
 "opaque-debug",
]

[[package]]
name = "atty"
version = "0.2.14"
source = "registry+https://github.com/rust-lang/crates.io-index"
checksum = "d9b39be18770d11421cdb1b9947a45dd3f37e93092cbf377614828a319d5fee8"
dependencies = [
 "hermit-abi",
 "libc",
 "winapi",
]

[[package]]
name = "autocfg"
version = "1.1.0"
source = "registry+https://github.com/rust-lang/crates.io-index"
checksum = "d468802bab17cbc0cc575e9b053f41e72aa36bfa6b7f55e3529ffa43161b97fa"

[[package]]
name = "base64"
version = "0.6.0"
source = "registry+https://github.com/rust-lang/crates.io-index"
checksum = "96434f987501f0ed4eb336a411e0631ecd1afa11574fe148587adc4ff96143c9"
dependencies = [
 "byteorder",
 "safemem",
]

[[package]]
name = "base64"
version = "0.12.3"
source = "registry+https://github.com/rust-lang/crates.io-index"
checksum = "3441f0f7b02788e948e47f457ca01f1d7e6d92c693bc132c22b087d3141c03ff"

[[package]]
name = "base64"
version = "0.13.0"
source = "registry+https://github.com/rust-lang/crates.io-index"
checksum = "904dfeac50f3cdaba28fc6f57fdcddb75f49ed61346676a78c4ffe55877802fd"

[[package]]
name = "bitflags"
version = "1.0.3"
source = "registry+https://github.com/rust-lang/crates.io-index"
checksum = "d0c54bb8f454c567f21197eefcdbf5679d0bd99f2ddbe52e84c77061952e6789"

[[package]]
name = "block-buffer"
version = "0.9.0"
source = "registry+https://github.com/rust-lang/crates.io-index"
checksum = "4152116fd6e9dadb291ae18fc1ec3575ed6d84c29642d97890f4b4a3417297e4"
dependencies = [
 "generic-array",
]

[[package]]
name = "byteorder"
version = "1.2.3"
source = "registry+https://github.com/rust-lang/crates.io-index"
checksum = "74c0b906e9446b0a2e4f760cdb3fa4b2c48cdc6db8766a845c54b6ff063fd2e9"

[[package]]
name = "cfg-if"
version = "0.1.3"
source = "registry+https://github.com/rust-lang/crates.io-index"
checksum = "405216fd8fe65f718daa7102ea808a946b6ce40c742998fbfd3463645552de18"

[[package]]
name = "cfg-if"
version = "1.0.0"
source = "registry+https://github.com/rust-lang/crates.io-index"
checksum = "baf1de4339761588bc0619e3cbc0120ee582ebb74b53b4efbf79117bd2da40fd"

[[package]]
name = "chrono"
version = "0.4.2"
source = "registry+https://github.com/rust-lang/crates.io-index"
checksum = "1cce36c92cb605414e9b824f866f5babe0a0368e39ea07393b9b63cf3844c0e6"
dependencies = [
 "num-integer",
 "num-traits",
 "serde",
]

[[package]]
name = "cipher"
version = "0.2.5"
source = "registry+https://github.com/rust-lang/crates.io-index"
checksum = "12f8e7987cbd042a63249497f41aed09f8e65add917ea6566effbc56578d6801"
dependencies = [
 "generic-array",
]

[[package]]
name = "cookie"
version = "0.11.4"
source = "registry+https://github.com/rust-lang/crates.io-index"
checksum = "80f6044740a4a516b8aac14c140cdf35c1a640b1bd6b98b6224e49143b2f1566"
dependencies = [
 "aes-gcm",
 "base64 0.13.0",
 "hkdf",
 "hmac",
 "percent-encoding 2.1.0",
 "rand",
 "sha2",
 "time",
]

[[package]]
name = "cpufeatures"
version = "0.2.2"
source = "registry+https://github.com/rust-lang/crates.io-index"
checksum = "59a6001667ab124aebae2a495118e11d30984c3a653e99d86d58971708cf5e4b"
dependencies = [
 "libc",
]

[[package]]
name = "cpuid-bool"
version = "0.2.0"
source = "registry+https://github.com/rust-lang/crates.io-index"
checksum = "dcb25d077389e53838a8158c8e99174c5a9d902dee4904320db714f3c653ffba"

[[package]]
name = "crypto-mac"
version = "0.10.1"
source = "registry+https://github.com/rust-lang/crates.io-index"
checksum = "bff07008ec701e8028e2ceb8f83f0e4274ee62bd2dbdc4fefff2e9a91824081a"
dependencies = [
 "generic-array",
 "subtle",
]

[[package]]
name = "ctr"
version = "0.6.0"
source = "registry+https://github.com/rust-lang/crates.io-index"
checksum = "fb4a30d54f7443bf3d6191dcd486aca19e67cb3c49fa7a06a319966346707e7f"
dependencies = [
 "cipher",
]

[[package]]
name = "devise"
version = "0.2.1"
source = "registry+https://github.com/rust-lang/crates.io-index"
checksum = "dd716c4a507adc5a2aa7c2a372d06c7497727e0892b243d3036bc7478a13e526"
dependencies = [
 "devise_codegen",
 "devise_core",
]

[[package]]
name = "devise_codegen"
version = "0.2.1"
source = "registry+https://github.com/rust-lang/crates.io-index"
checksum = "ea7b8290d118127c08e3669da20b331bed56b09f20be5945b7da6c116d8fab53"
dependencies = [
 "devise_core",
 "quote",
]

[[package]]
name = "devise_core"
version = "0.2.1"
source = "registry+https://github.com/rust-lang/crates.io-index"
checksum = "d1053e9d5d5aade9bcedb5ab53b78df2b56ff9408a3138ce77eaaef87f932373"
dependencies = [
 "bitflags",
 "proc-macro2",
 "quote",
 "syn 0.15.44",
]

[[package]]
name = "digest"
version = "0.9.0"
source = "registry+https://github.com/rust-lang/crates.io-index"
checksum = "d3dd60d1080a57a05ab032377049e0591415d2b31afd7028356dbf3cc6dcb066"
dependencies = [
 "generic-array",
]

[[package]]
name = "dtoa"
version = "0.4.2"
source = "registry+https://github.com/rust-lang/crates.io-index"
checksum = "09c3753c3db574d215cba4ea76018483895d7bff25a31b49ba45db21c48e50ab"

[[package]]
name = "generic-array"
version = "0.14.5"
source = "registry+https://github.com/rust-lang/crates.io-index"
checksum = "fd48d33ec7f05fbfa152300fdad764757cbded343c1aa1cff2fbaf4134851803"
dependencies = [
 "typenum",
 "version_check 0.9.4",
]

[[package]]
name = "getrandom"
version = "0.2.6"
source = "registry+https://github.com/rust-lang/crates.io-index"
checksum = "9be70c98951c83b8d2f8f60d7065fa6d5146873094452a1008da8c2f1e4205ad"
dependencies = [
 "cfg-if 1.0.0",
 "libc",
 "wasi",
]

[[package]]
name = "ghash"
version = "0.3.1"
source = "registry+https://github.com/rust-lang/crates.io-index"
checksum = "97304e4cd182c3846f7575ced3890c53012ce534ad9114046b0a9e00bb30a375"
dependencies = [
 "opaque-debug",
 "polyval",
]

[[package]]
name = "glob"
version = "0.3.0"
source = "registry+https://github.com/rust-lang/crates.io-index"
checksum = "9b919933a397b79c37e33b77bb2aa3dc8eb6e165ad809e58ff75bc7db2e34574"

[[package]]
name = "hashbrown"
version = "0.11.2"
source = "registry+https://github.com/rust-lang/crates.io-index"
checksum = "ab5ef0d4909ef3724cc8cce6ccc8572c5c817592e9285f5464f8e86f8bd3726e"

[[package]]
name = "hermit-abi"
version = "0.1.19"
source = "registry+https://github.com/rust-lang/crates.io-index"
checksum = "62b467343b94ba476dcb2500d242dadbb39557df889310ac77c5d99100aaac33"
dependencies = [
 "libc",
]

[[package]]
name = "hkdf"
version = "0.10.0"
source = "registry+https://github.com/rust-lang/crates.io-index"
checksum = "51ab2f639c231793c5f6114bdb9bbe50a7dbbfcd7c7c6bd8475dec2d991e964f"
dependencies = [
 "digest",
 "hmac",
]

[[package]]
name = "hmac"
version = "0.10.1"
source = "registry+https://github.com/rust-lang/crates.io-index"
checksum = "c1441c6b1e930e2817404b5046f1f989899143a12bf92de603b69f4e0aee1e15"
dependencies = [
 "crypto-mac",
 "digest",
]

[[package]]
name = "httparse"
version = "1.2.4"
source = "registry+https://github.com/rust-lang/crates.io-index"
checksum = "c2f407128745b78abc95c0ffbe4e5d37427fdc0d45470710cfef8c44522a2e37"

[[package]]
name = "hyper"
version = "0.10.13"
source = "registry+https://github.com/rust-lang/crates.io-index"
checksum = "368cb56b2740ebf4230520e2b90ebb0461e69034d85d1945febd9b3971426db2"
dependencies = [
 "base64 0.6.0",
 "httparse",
 "language-tags",
 "log 0.3.9",
 "mime",
 "num_cpus",
 "time",
 "traitobject",
 "typeable",
 "unicase",
 "url",
]

[[package]]
name = "identifiers"
version = "0.1.0"
dependencies = [
 "rocket",
 "serde",
 "serde_derive",
 "serde_json",
 "uuid",
]

[[package]]
name = "idna"
version = "0.1.4"
source = "registry+https://github.com/rust-lang/crates.io-index"
checksum = "014b298351066f1512874135335d62a789ffe78a9974f94b43ed5621951eaf7d"
dependencies = [
 "matches",
 "unicode-bidi",
 "unicode-normalization",
]

[[package]]
name = "indexmap"
version = "1.8.2"
source = "registry+https://github.com/rust-lang/crates.io-index"
checksum = "e6012d540c5baa3589337a98ce73408de9b5a25ec9fc2c6fd6be8f0d39e0ca5a"
dependencies = [
 "autocfg",
 "hashbrown",
]

[[package]]
name = "itoa"
version = "0.4.1"
source = "registry+https://github.com/rust-lang/crates.io-index"
checksum = "c069bbec61e1ca5a596166e55dfe4773ff745c3d16b700013bcaff9a6df2c682"

[[package]]
name = "language-tags"
version = "0.2.2"
source = "registry+https://github.com/rust-lang/crates.io-index"
checksum = "a91d884b6667cd606bb5a69aa0c99ba811a115fc68915e7056ec08a46e93199a"

[[package]]
name = "libc"
version = "0.2.126"
source = "registry+https://github.com/rust-lang/crates.io-index"
checksum = "349d5a591cd28b49e1d1037471617a32ddcda5731b99419008085f72d5a53836"

[[package]]
name = "log"
version = "0.3.9"
source = "registry+https://github.com/rust-lang/crates.io-index"
checksum = "e19e8d5c34a3e0e2223db8e060f9e8264aeeb5c5fc64a4ee9965c062211c024b"
dependencies = [
 "log 0.4.2",
]

[[package]]
name = "log"
version = "0.4.2"
source = "registry+https://github.com/rust-lang/crates.io-index"
checksum = "6fddaa003a65722a7fb9e26b0ce95921fe4ba590542ced664d8ce2fa26f9f3ac"
dependencies = [
 "cfg-if 0.1.3",
]

[[package]]
name = "matches"
version = "0.1.6"
source = "registry+https://github.com/rust-lang/crates.io-index"
checksum = "100aabe6b8ff4e4a7e32c1c13523379802df0772b82466207ac25b013f193376"

[[package]]
name = "memchr"
version = "2.0.1"
source = "registry+https://github.com/rust-lang/crates.io-index"
checksum = "796fba70e76612589ed2ce7f45282f5af869e0fdd7cc6199fa1aa1f1d591ba9d"
dependencies = [
 "libc",
]

[[package]]
name = "mime"
version = "0.2.6"
source = "registry+https://github.com/rust-lang/crates.io-index"
checksum = "ba626b8a6de5da682e1caa06bdb42a335aee5a84db8e5046a3e8ab17ba0a3ae0"
dependencies = [
 "log 0.3.9",
]

[[package]]
name = "num-integer"
version = "0.1.38"
source = "registry+https://github.com/rust-lang/crates.io-index"
checksum = "6ac0ea58d64a89d9d6b7688031b3be9358d6c919badcf7fbb0527ccfd891ee45"
dependencies = [
 "num-traits",
]

[[package]]
name = "num-traits"
version = "0.2.4"
source = "registry+https://github.com/rust-lang/crates.io-index"
checksum = "775393e285254d2f5004596d69bb8bc1149754570dcc08cf30cabeba67955e28"

[[package]]
name = "num_cpus"
version = "1.8.0"
source = "registry+https://github.com/rust-lang/crates.io-index"
checksum = "c51a3322e4bca9d212ad9a158a02abc6934d005490c054a2778df73a70aa0a30"
dependencies = [
 "libc",
]

[[package]]
name = "opaque-debug"
version = "0.3.0"
source = "registry+https://github.com/rust-lang/crates.io-index"
checksum = "624a8340c38c1b80fd549087862da4ba43e08858af025b236e509b6649fc13d5"

[[package]]
name = "pear"
version = "0.1.5"
source = "registry+https://github.com/rust-lang/crates.io-index"
checksum = "32dfa7458144c6af7f9ce6a137ef975466aa68ffa44d4d816ee5934018ba960a"
dependencies = [
 "pear_codegen",
]

[[package]]
name = "pear_codegen"
version = "0.1.5"
source = "registry+https://github.com/rust-lang/crates.io-index"
checksum = "c0288ba5d581afbc93e2bbd931c1013584c15ecf46b1cdb927edc7abddbc8ca6"
dependencies = [
 "proc-macro2",
 "quote",
 "syn 0.15.44",
 "version_check 0.9.4",
 "yansi",
]

[[package]]
name = "percent-encoding"
version = "1.0.1"
source = "registry+https://github.com/rust-lang/crates.io-index"
checksum = "31010dd2e1ac33d5b46a5b413495239882813e0369f8ed8a5e266f173602f831"

[[package]]
name = "percent-encoding"
version = "2.1.0"
source = "registry+https://github.com/rust-lang/crates.io-index"
checksum = "d4fd5641d01c8f18a23da7b6fe29298ff4b55afcccdf78973b24cf3175fee32e"

[[package]]
name = "polyval"
version = "0.4.5"
source = "registry+https://github.com/rust-lang/crates.io-index"
checksum = "eebcc4aa140b9abd2bc40d9c3f7ccec842679cd79045ac3a7ac698c1a064b7cd"
dependencies = [
 "cpuid-bool",
 "opaque-debug",
 "universal-hash",
]

[[package]]
name = "ppv-lite86"
version = "0.2.16"
source = "registry+https://github.com/rust-lang/crates.io-index"
checksum = "eb9f9e6e233e5c4a35559a617bf40a4ec447db2e84c20b55a6f83167b7e57872"

[[package]]
name = "proc-macro2"
version = "0.4.6"
source = "registry+https://github.com/rust-lang/crates.io-index"
checksum = "effdb53b25cdad54f8f48843d67398f7ef2e14f12c1b4cb4effc549a6462a4d6"
dependencies = [
 "unicode-xid",
]

[[package]]
name = "quote"
version = "0.6.3"
source = "registry+https://github.com/rust-lang/crates.io-index"
checksum = "e44651a0dc4cdd99f71c83b561e221f714912d11af1a4dff0631f923d53af035"
dependencies = [
 "proc-macro2",
]

[[package]]
name = "rand"
version = "0.8.5"
source = "registry+https://github.com/rust-lang/crates.io-index"
checksum = "34af8d1a0e25924bc5b7c43c079c942339d8f0a8b57c39049bef581b46327404"
dependencies = [
 "libc",
 "rand_chacha",
 "rand_core",
]

[[package]]
name = "rand_chacha"
version = "0.3.1"
source = "registry+https://github.com/rust-lang/crates.io-index"
checksum = "e6c10a63a0fa32252be49d21e7709d4d4baf8d231c2dbce1eaa8141b9b127d88"
dependencies = [
 "ppv-lite86",
 "rand_core",
]

[[package]]
name = "rand_core"
version = "0.6.3"
source = "registry+https://github.com/rust-lang/crates.io-index"
checksum = "d34f1408f55294453790c48b2f1ebbb1c5b4b7563eb1f418bcfcfdbb06ebb4e7"
dependencies = [
 "getrandom",
]

[[package]]
name = "redox_syscall"
version = "0.1.40"
source = "registry+https://github.com/rust-lang/crates.io-index"
checksum = "c214e91d3ecf43e9a4e41e578973adeb14b474f2bee858742d127af75a0112b1"

[[package]]
name = "rocket"
version = "0.4.7"
source = "registry+https://github.com/rust-lang/crates.io-index"
checksum = "7febfdfd4d43facfc7daba20349ebe2c310c6735bd6a2a9255ea8bc425b4cb13"
dependencies = [
 "atty",
 "base64 0.12.3",
 "log 0.4.2",
 "memchr",
 "num_cpus",
 "pear",
 "rocket_codegen",
 "rocket_http",
 "state",
 "time",
 "toml",
 "version_check 0.9.4",
 "yansi",
]

[[package]]
name = "rocket_codegen"
version = "0.4.11"
source = "registry+https://github.com/rust-lang/crates.io-index"
checksum = "2810037b5820098af97bd4fdd309e76a8101ceb178147de775c835a2537284fe"
dependencies = [
 "devise",
 "glob",
 "indexmap",
 "quote",
 "rocket_http",
 "version_check 0.9.4",
 "yansi",
]

[[package]]
name = "rocket_http"
version = "0.4.11"
source = "registry+https://github.com/rust-lang/crates.io-index"
checksum = "2bf9cbd128e1f321a2d0bebd2b7cf0aafd89ca43edf69e49b56a5c46e48eb19f"
dependencies = [
 "cookie",
 "hyper",
 "indexmap",
 "pear",
 "percent-encoding 1.0.1",
 "smallvec",
 "state",
 "time",
 "unicode-xid",
]

[[package]]
name = "safemem"
version = "0.2.0"
source = "registry+https://github.com/rust-lang/crates.io-index"
checksum = "e27a8b19b835f7aea908818e871f5cc3a5a186550c30773be987e155e8163d8f"

[[package]]
name = "serde"
version = "1.0.66"
source = "registry+https://github.com/rust-lang/crates.io-index"
checksum = "e9a2d9a9ac5120e0f768801ca2b58ad6eec929dc9d1d616c162f208869c2ce95"

[[package]]
name = "serde_derive"
version = "1.0.66"
source = "registry+https://github.com/rust-lang/crates.io-index"
checksum = "0a90213fa7e0f5eac3f7afe2d5ff6b088af515052cc7303bd68c7e3b91a3fb79"
dependencies = [
 "proc-macro2",
 "quote",
 "syn 0.14.2",
]

[[package]]
name = "serde_json"
version = "1.0.20"
source = "registry+https://github.com/rust-lang/crates.io-index"
checksum = "fc97cccc2959f39984524026d760c08ef0dd5f0f5948c8d31797dbfae458c875"
dependencies = [
 "dtoa",
 "itoa",
 "serde",
]

[[package]]
name = "sha2"
version = "0.9.9"
source = "registry+https://github.com/rust-lang/crates.io-index"
checksum = "4d58a1e1bf39749807d89cf2d98ac2dfa0ff1cb3faa38fbb64dd88ac8013d800"
dependencies = [
 "block-buffer",
 "cfg-if 1.0.0",
 "cpufeatures",
 "digest",
 "opaque-debug",
]

[[package]]
name = "smallvec"
version = "1.8.0"
source = "registry+https://github.com/rust-lang/crates.io-index"
checksum = "f2dd574626839106c320a323308629dcb1acfc96e32a8cba364ddc61ac23ee83"

[[package]]
name = "state"
version = "0.4.1"
source = "registry+https://github.com/rust-lang/crates.io-index"
checksum = "7345c971d1ef21ffdbd103a75990a15eb03604fc8b8852ca8cb418ee1a099028"

[[package]]
name = "subtle"
version = "2.4.1"
source = "registry+https://github.com/rust-lang/crates.io-index"
checksum = "6bdef32e8150c2a081110b42772ffe7d7c9032b606bc226c8260fd97e0976601"

[[package]]
name = "syn"
version = "0.14.2"
source = "registry+https://github.com/rust-lang/crates.io-index"
checksum = "c67da57e61ebc7b7b6fff56bb34440ca3a83db037320b0507af4c10368deda7d"
dependencies = [
 "proc-macro2",
 "quote",
 "unicode-xid",
]

[[package]]
name = "syn"
version = "0.15.44"
source = "registry+https://github.com/rust-lang/crates.io-index"
checksum = "9ca4b3b69a77cbe1ffc9e198781b7acb0c7365a883670e8f1c1bc66fba79a5c5"
dependencies = [
 "proc-macro2",
 "quote",
 "unicode-xid",
]

[[package]]
name = "time"
version = "0.1.40"
source = "registry+https://github.com/rust-lang/crates.io-index"
checksum = "d825be0eb33fda1a7e68012d51e9c7f451dc1a69391e7fdc197060bb8c56667b"
dependencies = [
 "libc",
 "redox_syscall",
 "winapi",
]

[[package]]
name = "toml"
version = "0.4.10"
source = "registry+https://github.com/rust-lang/crates.io-index"
checksum = "758664fc71a3a69038656bee8b6be6477d2a6c315a6b81f7081f591bffa4111f"
dependencies = [
 "serde",
]

[[package]]
name = "traitobject"
version = "0.1.0"
source = "registry+https://github.com/rust-lang/crates.io-index"
checksum = "efd1f82c56340fdf16f2a953d7bda4f8fdffba13d93b00844c25572110b26079"

[[package]]
name = "typeable"
version = "0.1.2"
source = "registry+https://github.com/rust-lang/crates.io-index"
checksum = "1410f6f91f21d1612654e7cc69193b0334f909dcf2c790c4826254fbb86f8887"

[[package]]
name = "typenum"
version = "1.15.0"
source = "registry+https://github.com/rust-lang/crates.io-index"
checksum = "dcf81ac59edc17cc8697ff311e8f5ef2d99fcbd9817b34cec66f90b6c3dfd987"

[[package]]
name = "unicase"
version = "1.4.2"
source = "registry+https://github.com/rust-lang/crates.io-index"
checksum = "7f4765f83163b74f957c797ad9253caf97f103fb064d3999aea9568d09fc8a33"
dependencies = [
 "version_check 0.1.3",
]

[[package]]
name = "unicode-bidi"
version = "0.3.4"
source = "registry+https://github.com/rust-lang/crates.io-index"
checksum = "49f2bd0c6468a8230e1db229cff8029217cf623c767ea5d60bfbd42729ea54d5"
dependencies = [
 "matches",
]

[[package]]
name = "unicode-normalization"
version = "0.1.7"
source = "registry+https://github.com/rust-lang/crates.io-index"
checksum = "6a0180bc61fc5a987082bfa111f4cc95c4caff7f9799f3e46df09163a937aa25"

[[package]]
name = "unicode-xid"
version = "0.1.0"
source = "registry+https://github.com/rust-lang/crates.io-index"
checksum = "fc72304796d0818e357ead4e000d19c9c174ab23dc11093ac919054d20a6a7fc"

[[package]]
name = "universal-hash"
version = "0.4.1"
source = "registry+https://github.com/rust-lang/crates.io-index"
checksum = "9f214e8f697e925001e66ec2c6e37a4ef93f0f78c2eed7814394e10c62025b05"
dependencies = [
 "generic-array",
 "subtle",
]

[[package]]
name = "url"
version = "1.7.0"
source = "registry+https://github.com/rust-lang/crates.io-index"
checksum = "f808aadd8cfec6ef90e4a14eb46f24511824d1ac596b9682703c87056c8678b7"
dependencies = [
 "idna",
 "matches",
 "percent-encoding 1.0.1",
]

[[package]]
name = "uuid"
version = "0.6.5"
source = "registry+https://github.com/rust-lang/crates.io-index"
checksum = "e1436e58182935dcd9ce0add9ea0b558e8a87befe01c1a301e6020aeb0876363"
dependencies = [
 "cfg-if 0.1.3",
 "serde",
]

[[package]]
name = "version_check"
version = "0.1.3"
source = "registry+https://github.com/rust-lang/crates.io-index"
checksum = "6b772017e347561807c1aa192438c5fd74242a670a6cffacc40f2defd1dc069d"

[[package]]
name = "version_check"
version = "0.9.4"
source = "registry+https://github.com/rust-lang/crates.io-index"
checksum = "49874b5167b65d7193b8aba1567f5c7d93d001cafc34600cee003eda787e483f"

[[package]]
name = "wasi"
version = "0.10.2+wasi-snapshot-preview1"
source = "registry+https://github.com/rust-lang/crates.io-index"
checksum = "fd6fbd9a79829dd1ad0cc20627bf1ed606756a7f77edff7b66b7064f9cb327c6"

[[package]]
name = "winapi"
version = "0.3.5"
source = "registry+https://github.com/rust-lang/crates.io-index"
checksum = "773ef9dcc5f24b7d850d0ff101e542ff24c3b090a9768e03ff889fdef41f00fd"
dependencies = [
 "winapi-i686-pc-windows-gnu",
 "winapi-x86_64-pc-windows-gnu",
]

[[package]]
name = "winapi-i686-pc-windows-gnu"
version = "0.4.0"
source = "registry+https://github.com/rust-lang/crates.io-index"
checksum = "ac3b87c63620426dd9b991e5ce0329eff545bccbbb34f3be09ff6fb6ab51b7b6"

[[package]]
name = "winapi-x86_64-pc-windows-gnu"
version = "0.4.0"
source = "registry+https://github.com/rust-lang/crates.io-index"
checksum = "712e227841d057c1ee1cd2fb22fa7e5a5461ae8e48fa2ca79ec42cfc1931183f"

[[package]]
name = "wire"
version = "0.1.0"
dependencies = [
 "chrono",
 "identifiers",
 "serde",
 "serde_derive",
 "serde_json",
 "uuid",
]

[[package]]
name = "yansi"
version = "0.5.1"
source = "registry+https://github.com/rust-lang/crates.io-index"
checksum = "09041cd90cf85f7f8b2df60c646f853b7f535ce68f85244eb6731cf89fa498ec"
