# This file is automatically @generated by Cargo.
# It is not intended for manual editing.
version = 3

[[package]]
name = "anymap"
version = "0.12.1"
source = "registry+https://github.com/rust-lang/crates.io-index"
checksum = "33954243bd79057c2de7338850b85983a44588021f8a5fee574a8888c6de4344"

[[package]]
name = "app"
version = "0.1.0"
dependencies = [
 "auth",
 "bucket",
 "common",
 "forum",
 "header",
 "log",
 "web_logger",
 "yew",
 "yew_router",
]

[[package]]
name = "auth"
version = "0.1.0"
dependencies = [
 "common",
 "failure",
 "serde",
 "serde_derive",
 "util",
 "wire",
 "yew",
 "yew_router",
]

[[package]]
name = "backtrace"
version = "0.3.7"
source = "registry+https://github.com/rust-lang/crates.io-index"
checksum = "8ea58cd16fd6c9d120b5bcb01d63883ae4cc7ba2aed35c1841b862a3c7ef6639"
dependencies = [
 "backtrace-sys",
 "cfg-if 0.1.3",
 "libc",
 "rustc-demangle",
 "winapi 0.3.4",
]

[[package]]
name = "backtrace-sys"
version = "0.1.16"
source = "registry+https://github.com/rust-lang/crates.io-index"
checksum = "44585761d6161b0f57afc49482ab6bd067e4edef48c12a152c237eb0203f7661"
dependencies = [
 "cc",
 "libc",
]

[[package]]
name = "base-x"
version = "0.2.2"
source = "registry+https://github.com/rust-lang/crates.io-index"
checksum = "2f59103b47307f76e03bef1633aec7fa9e29bfb5aa6daf5a334f94233c71f6c1"

[[package]]
name = "base64"
version = "0.9.1"
source = "registry+https://github.com/rust-lang/crates.io-index"
checksum = "9263aa6a38da271eec5c91a83ce1e800f093c8535788d403d626d8d5c3f8f007"
dependencies = [
 "byteorder",
 "safemem",
]

[[package]]
name = "bincode"
version = "1.3.3"
source = "registry+https://github.com/rust-lang/crates.io-index"
checksum = "b1f45e9417d87227c7a56d22e471c6206462cba514c7590c09aff4cf6d1ddcad"
dependencies = [
 "serde",
]

[[package]]
name = "bitflags"
version = "0.9.1"
source = "registry+https://github.com/rust-lang/crates.io-index"
checksum = "4efd02e230a02e18f92fc2735f44597385ed02ad8f831e7c1c1156ee5e1ab3a5"

[[package]]
name = "bucket"
version = "0.1.0"
dependencies = [
 "common",
 "failure",
 "identifiers",
 "log",
 "serde",
 "serde_derive",
 "stdweb",
 "util",
 "wire",
 "yew",
 "yew_router",
]

[[package]]
name = "bumpalo"
version = "3.10.0"
source = "registry+https://github.com/rust-lang/crates.io-index"
checksum = "37ccbd214614c6783386c1af30caf03192f17891059cecc394b4fb119e363de3"

[[package]]
name = "byteorder"
version = "1.2.2"
source = "registry+https://github.com/rust-lang/crates.io-index"
checksum = "73b5bdfe7ee3ad0b99c9801d58807a9dbc9e09196365b0203853b99889ab3c87"

[[package]]
name = "bytes"
version = "0.4.7"
source = "registry+https://github.com/rust-lang/crates.io-index"
checksum = "2f1d50c876fb7545f5f289cd8b2aee3f359d073ae819eed5d6373638e2c61e59"
dependencies = [
 "byteorder",
 "iovec",
]

[[package]]
name = "cc"
version = "1.0.15"
source = "registry+https://github.com/rust-lang/crates.io-index"
checksum = "0ebb87d1116151416c0cf66a0e3fb6430cccd120fd6300794b4dfaa050ac40ba"

[[package]]
name = "cfg-if"
version = "0.1.3"
source = "registry+https://github.com/rust-lang/crates.io-index"
checksum = "405216fd8fe65f718daa7102ea808a946b6ce40c742998fbfd3463645552de18"

[[package]]
name = "cfg-if"
version = "1.0.0"
source = "registry+https://github.com/rust-lang/crates.io-index"
checksum = "baf1de4339761588bc0619e3cbc0120ee582ebb74b53b4efbf79117bd2da40fd"

[[package]]
name = "chrono"
version = "0.4.2"
source = "registry+https://github.com/rust-lang/crates.io-index"
checksum = "1cce36c92cb605414e9b824f866f5babe0a0368e39ea07393b9b63cf3844c0e6"
dependencies = [
 "num-integer",
 "num-traits",
 "serde",
]

[[package]]
name = "common"
version = "0.1.0"
dependencies = [
 "base64",
 "chrono",
 "failure",
 "failure_derive",
 "identifiers",
 "log",
 "serde",
 "serde_derive",
 "serde_json",
 "stdweb",
 "wire",
 "yew",
 "yew_router",
]

[[package]]
name = "discard"
version = "1.0.3"
source = "registry+https://github.com/rust-lang/crates.io-index"
checksum = "9a9117502da3c5657cb8e2ca7ffcf52d659f00c78c5127d1ebadc2ebe76465be"

[[package]]
name = "dtoa"
version = "0.4.2"
source = "registry+https://github.com/rust-lang/crates.io-index"
checksum = "09c3753c3db574d215cba4ea76018483895d7bff25a31b49ba45db21c48e50ab"

[[package]]
name = "failure"
version = "0.1.1"
source = "registry+https://github.com/rust-lang/crates.io-index"
checksum = "934799b6c1de475a012a02dab0ace1ace43789ee4b99bcfbf1a2e3e8ced5de82"
dependencies = [
 "backtrace",
 "failure_derive",
]

[[package]]
name = "failure_derive"
version = "0.1.1"
source = "registry+https://github.com/rust-lang/crates.io-index"
checksum = "c7cdda555bb90c9bb67a3b670a0f42de8e73f5981524123ad8578aafec8ddb8b"
dependencies = [
 "quote 0.3.15",
 "syn 0.11.11",
 "synstructure",
]

[[package]]
name = "fnv"
version = "1.0.6"
source = "registry+https://github.com/rust-lang/crates.io-index"
checksum = "2fad85553e09a6f881f739c29f0b00b0f01357c743266d478b68951ce23285f3"

[[package]]
name = "forum"
version = "0.1.0"
dependencies = [
 "common",
 "failure",
 "identifiers",
 "log",
 "serde",
 "serde_derive",
 "util",
 "wire",
 "yew",
 "yew_router",
]

[[package]]
name = "getopts"
version = "0.2.17"
source = "registry+https://github.com/rust-lang/crates.io-index"
checksum = "b900c08c1939860ce8b54dc6a89e26e00c04c380fd0e09796799bd7f12861e05"

[[package]]
name = "header"
version = "0.1.0"
dependencies = [
 "common",
 "failure",
 "util",
 "yew",
 "yew_router",
]

[[package]]
name = "http"
version = "0.1.21"
source = "registry+https://github.com/rust-lang/crates.io-index"
checksum = "d6ccf5ede3a895d8856620237b2f02972c1bbc78d2965ad7fe8838d4a0ed41f0"
dependencies = [
 "bytes",
 "fnv",
 "itoa",
]

[[package]]
name = "identifiers"
version = "0.1.0"
dependencies = [
 "serde",
 "serde_derive",
 "serde_json",
 "uuid",
]

[[package]]
name = "iovec"
version = "0.1.2"
source = "registry+https://github.com/rust-lang/crates.io-index"
checksum = "dbe6e417e7d0975db6512b90796e8ce223145ac4e33c377e4a42882a0e88bb08"
dependencies = [
 "libc",
 "winapi 0.2.8",
]

[[package]]
name = "itoa"
version = "0.4.1"
source = "registry+https://github.com/rust-lang/crates.io-index"
checksum = "c069bbec61e1ca5a596166e55dfe4773ff745c3d16b700013bcaff9a6df2c682"

[[package]]
name = "lazy_static"
version = "1.4.0"
source = "registry+https://github.com/rust-lang/crates.io-index"
checksum = "e2abad23fbc42b3700f2f279844dc832adb2b2eb069b2df918f455c4e18cc646"

[[package]]
name = "libc"
version = "0.2.40"
source = "registry+https://github.com/rust-lang/crates.io-index"
checksum = "6fd41f331ac7c5b8ac259b8bf82c75c0fb2e469bbf37d2becbba9a6a2221965b"

[[package]]
name = "log"
version = "0.4.17"
source = "registry+https://github.com/rust-lang/crates.io-index"
checksum = "abb12e687cfb44aa40f41fc3978ef76448f9b6038cad6aef4259d3c095a2382e"
dependencies = [
 "cfg-if 1.0.0",
]

[[package]]
name = "num-integer"
version = "0.1.38"
source = "registry+https://github.com/rust-lang/crates.io-index"
checksum = "6ac0ea58d64a89d9d6b7688031b3be9358d6c919badcf7fbb0527ccfd891ee45"
dependencies = [
 "num-traits",
]

[[package]]
name = "num-traits"
version = "0.2.4"
source = "registry+https://github.com/rust-lang/crates.io-index"
checksum = "775393e285254d2f5004596d69bb8bc1149754570dcc08cf30cabeba67955e28"

[[package]]
name = "proc-macro2"
version = "0.3.8"
source = "registry+https://github.com/rust-lang/crates.io-index"
checksum = "1b06e2f335f48d24442b35a19df506a835fb3547bc3c06ef27340da9acf5cae7"
dependencies = [
 "unicode-xid 0.1.0",
]

[[package]]
name = "proc-macro2"
version = "1.0.39"
source = "registry+https://github.com/rust-lang/crates.io-index"
checksum = "c54b25569025b7fc9651de43004ae593a75ad88543b17178aa5e1b9c4f15f56f"
dependencies = [
 "unicode-ident",
]

[[package]]
name = "pulldown-cmark"
version = "0.1.0"
source = "git+https://github.com/google/pulldown-cmark?rev=c1ac9123f1653dc774403634696f848ffecbb01c#c1ac9123f1653dc774403634696f848ffecbb01c"
dependencies = [
 "bitflags",
 "getopts",
]

[[package]]
name = "quote"
version = "0.3.15"
source = "registry+https://github.com/rust-lang/crates.io-index"
checksum = "7a6e920b65c65f10b2ae65c831a81a073a89edd28c7cce89475bff467ab4167a"

[[package]]
name = "quote"
version = "0.5.2"
source = "registry+https://github.com/rust-lang/crates.io-index"
checksum = "9949cfe66888ffe1d53e6ec9d9f3b70714083854be20fd5e271b232a017401e8"
dependencies = [
 "proc-macro2 0.3.8",
]

[[package]]
name = "quote"
version = "1.0.18"
source = "registry+https://github.com/rust-lang/crates.io-index"
checksum = "a1feb54ed693b93a84e14094943b84b7c4eae204c512b7ccb95ab0c66d278ad1"
dependencies = [
 "proc-macro2 1.0.39",
]

[[package]]
name = "rustc-demangle"
version = "0.1.8"
source = "registry+https://github.com/rust-lang/crates.io-index"
checksum = "76d7ba1feafada44f2d38eed812bd2489a03c0f5abb975799251518b68848649"

[[package]]
name = "rustc_version"
version = "0.2.3"
source = "registry+https://github.com/rust-lang/crates.io-index"
checksum = "138e3e0acb6c9fb258b19b67cb8abd63c00679d2851805ea151465464fe9030a"
dependencies = [
 "semver",
]

[[package]]
name = "safemem"
version = "0.2.0"
source = "registry+https://github.com/rust-lang/crates.io-index"
checksum = "e27a8b19b835f7aea908818e871f5cc3a5a186550c30773be987e155e8163d8f"

[[package]]
name = "semver"
version = "0.9.0"
source = "registry+https://github.com/rust-lang/crates.io-index"
checksum = "1d7eb9ef2c18661902cc47e535f9bc51b78acd254da71d375c2f6720d9a40403"
dependencies = [
 "semver-parser",
]

[[package]]
name = "semver-parser"
version = "0.7.0"
source = "registry+https://github.com/rust-lang/crates.io-index"
checksum = "388a1df253eca08550bef6c72392cfe7c30914bf41df5269b68cbd6ff8f570a3"

[[package]]
name = "serde"
version = "1.0.137"
source = "registry+https://github.com/rust-lang/crates.io-index"
checksum = "61ea8d54c77f8315140a05f4c7237403bf38b72704d031543aa1d16abbf517d1"

[[package]]
name = "serde_derive"
version = "1.0.45"
source = "registry+https://github.com/rust-lang/crates.io-index"
checksum = "0409f5130e9b06444e07d4c71f55d6a2c4d1290d79faa612d9b0b540a9703fcd"
dependencies = [
 "proc-macro2 0.3.8",
 "quote 0.5.2",
 "serde_derive_internals",
 "syn 0.13.7",
]

[[package]]
name = "serde_derive_internals"
version = "0.23.1"
source = "registry+https://github.com/rust-lang/crates.io-index"
checksum = "9d30c4596450fd7bbda79ef15559683f9a79ac0193ea819db90000d7e1cae794"
dependencies = [
 "proc-macro2 0.3.8",
 "syn 0.13.7",
]

[[package]]
name = "serde_json"
version = "1.0.17"
source = "registry+https://github.com/rust-lang/crates.io-index"
checksum = "f3ad6d546e765177cf3dded3c2e424a8040f870083a0e64064746b958ece9cb1"
dependencies = [
 "dtoa",
 "itoa",
 "serde",
]

[[package]]
name = "sha1"
version = "0.6.1"
source = "registry+https://github.com/rust-lang/crates.io-index"
checksum = "c1da05c97445caa12d05e848c4a4fcbbea29e748ac28f7e80e9b010392063770"
dependencies = [
 "sha1_smol",
]

[[package]]
name = "sha1_smol"
version = "1.0.0"
source = "registry+https://github.com/rust-lang/crates.io-index"
checksum = "ae1a47186c03a32177042e55dbc5fd5aee900b8e0069a8d70fba96a9375cd012"

[[package]]
name = "slab"
version = "0.4.6"
source = "registry+https://github.com/rust-lang/crates.io-index"
checksum = "eb703cfe953bccee95685111adeedb76fabe4e97549a58d16f03ea7b9367bb32"

[[package]]
name = "stdweb"
version = "0.4.20"
source = "registry+https://github.com/rust-lang/crates.io-index"
checksum = "d022496b16281348b52d0e30ae99e01a73d737b2f45d38fed4edf79f9325a1d5"
dependencies = [
 "discard",
 "rustc_version",
 "serde",
 "serde_json",
 "stdweb-derive",
 "stdweb-internal-macros",
 "stdweb-internal-runtime",
 "wasm-bindgen",
]

[[package]]
name = "stdweb-derive"
version = "0.5.3"
source = "registry+https://github.com/rust-lang/crates.io-index"
checksum = "c87a60a40fccc84bef0652345bbbbbe20a605bf5d0ce81719fc476f5c03b50ef"
dependencies = [
 "proc-macro2 1.0.39",
 "quote 1.0.18",
 "serde",
 "serde_derive",
 "syn 1.0.96",
]

[[package]]
name = "stdweb-internal-macros"
version = "0.2.9"
source = "registry+https://github.com/rust-lang/crates.io-index"
checksum = "58fa5ff6ad0d98d1ffa8cb115892b6e69d67799f6763e162a1c9db421dc22e11"
dependencies = [
 "base-x",
 "proc-macro2 1.0.39",
 "quote 1.0.18",
 "serde",
 "serde_derive",
 "serde_json",
 "sha1",
 "syn 1.0.96",
]

[[package]]
name = "stdweb-internal-runtime"
version = "0.1.5"
source = "registry+https://github.com/rust-lang/crates.io-index"
checksum = "213701ba3370744dcd1a12960caa4843b3d68b4d1c0a5d575e0d65b2ee9d16c0"

[[package]]
name = "syn"
version = "0.11.11"
source = "registry+https://github.com/rust-lang/crates.io-index"
checksum = "d3b891b9015c88c576343b9b3e41c2c11a51c219ef067b264bd9c8aa9b441dad"
dependencies = [
 "quote 0.3.15",
 "synom",
 "unicode-xid 0.0.4",
]

[[package]]
name = "syn"
version = "0.13.7"
source = "registry+https://github.com/rust-lang/crates.io-index"
checksum = "61b8f1b737f929c6516ba46a3133fd6d5215ad8a62f66760f851f7048aebedfb"
dependencies = [
 "proc-macro2 0.3.8",
 "quote 0.5.2",
 "unicode-xid 0.1.0",
]

[[package]]
name = "syn"
version = "1.0.96"
source = "registry+https://github.com/rust-lang/crates.io-index"
checksum = "0748dd251e24453cb8717f0354206b91557e4ec8703673a4b30208f2abaf1ebf"
dependencies = [
 "proc-macro2 1.0.39",
 "quote 1.0.18",
 "unicode-ident",
]

[[package]]
name = "synom"
version = "0.11.3"
source = "registry+https://github.com/rust-lang/crates.io-index"
checksum = "a393066ed9010ebaed60b9eafa373d4b1baac186dd7e008555b0f702b51945b6"
dependencies = [
 "unicode-xid 0.0.4",
]

[[package]]
name = "synstructure"
version = "0.6.1"
source = "registry+https://github.com/rust-lang/crates.io-index"
checksum = "3a761d12e6d8dcb4dcf952a7a89b475e3a9d69e4a69307e01a470977642914bd"
dependencies = [
 "quote 0.3.15",
 "syn 0.11.11",
]

[[package]]
name = "unicode-ident"
version = "1.0.0"
source = "registry+https://github.com/rust-lang/crates.io-index"
checksum = "d22af068fba1eb5edcb4aea19d382b2a3deb4c8f9d475c589b6ada9e0fd493ee"

[[package]]
name = "unicode-xid"
version = "0.0.4"
source = "registry+https://github.com/rust-lang/crates.io-index"
checksum = "8c1f860d7d29cf02cb2f3f359fd35991af3d30bac52c57d265a3c461074cb4dc"

[[package]]
name = "unicode-xid"
version = "0.1.0"
source = "registry+https://github.com/rust-lang/crates.io-index"
checksum = "fc72304796d0818e357ead4e000d19c9c174ab23dc11093ac919054d20a6a7fc"

[[package]]
name = "util"
version = "0.1.0"
dependencies = [
 "common",
 "pulldown-cmark",
 "stdweb",
 "yew",
]

[[package]]
name = "uuid"
version = "0.6.5"
source = "registry+https://github.com/rust-lang/crates.io-index"
checksum = "e1436e58182935dcd9ce0add9ea0b558e8a87befe01c1a301e6020aeb0876363"
dependencies = [
 "cfg-if 0.1.3",
 "serde",
]

[[package]]
name = "wasm-bindgen"
version = "0.2.80"
source = "registry+https://github.com/rust-lang/crates.io-index"
checksum = "27370197c907c55e3f1a9fbe26f44e937fe6451368324e009cba39e139dc08ad"
dependencies = [
 "cfg-if 1.0.0",
 "wasm-bindgen-macro",
]

[[package]]
name = "wasm-bindgen-backend"
version = "0.2.80"
source = "registry+https://github.com/rust-lang/crates.io-index"
checksum = "53e04185bfa3a779273da532f5025e33398409573f348985af9a1cbf3774d3f4"
dependencies = [
 "bumpalo",
 "lazy_static",
 "log",
 "proc-macro2 1.0.39",
 "quote 1.0.18",
 "syn 1.0.96",
 "wasm-bindgen-shared",
]

[[package]]
name = "wasm-bindgen-macro"
version = "0.2.80"
source = "registry+https://github.com/rust-lang/crates.io-index"
checksum = "17cae7ff784d7e83a2fe7611cfe766ecf034111b49deb850a3dc7699c08251f5"
dependencies = [
 "quote 1.0.18",
 "wasm-bindgen-macro-support",
]

[[package]]
name = "wasm-bindgen-macro-support"
version = "0.2.80"
source = "registry+https://github.com/rust-lang/crates.io-index"
checksum = "99ec0dc7a4756fffc231aab1b9f2f578d23cd391390ab27f952ae0c9b3ece20b"
dependencies = [
 "proc-macro2 1.0.39",
 "quote 1.0.18",
 "syn 1.0.96",
 "wasm-bindgen-backend",
 "wasm-bindgen-shared",
]

[[package]]
name = "wasm-bindgen-shared"
version = "0.2.80"
source = "registry+https://github.com/rust-lang/crates.io-index"
checksum = "d554b7f530dee5964d9a9468d95c1f8b8acae4f282807e7d27d4b03099a46744"

[[package]]
name = "web_logger"
version = "0.1.0"
source = "registry+https://github.com/rust-lang/crates.io-index"
checksum = "a78db9c2146b833ba825496c1851886be8221097df558903321d304c83d161a5"
dependencies = [
 "log",
 "stdweb",
]

[[package]]
name = "winapi"
version = "0.2.8"
source = "registry+https://github.com/rust-lang/crates.io-index"
checksum = "167dc9d6949a9b857f3451275e911c3f44255842c1f7a76f33c55103a909087a"

[[package]]
name = "winapi"
version = "0.3.4"
source = "registry+https://github.com/rust-lang/crates.io-index"
checksum = "04e3bd221fcbe8a271359c04f21a76db7d0c6028862d1bb5512d85e1e2eb5bb3"
dependencies = [
 "winapi-i686-pc-windows-gnu",
 "winapi-x86_64-pc-windows-gnu",
]

[[package]]
name = "winapi-i686-pc-windows-gnu"
version = "0.4.0"
source = "registry+https://github.com/rust-lang/crates.io-index"
checksum = "ac3b87c63620426dd9b991e5ce0329eff545bccbbb34f3be09ff6fb6ab51b7b6"

[[package]]
name = "winapi-x86_64-pc-windows-gnu"
version = "0.4.0"
source = "registry+https://github.com/rust-lang/crates.io-index"
checksum = "712e227841d057c1ee1cd2fb22fa7e5a5461ae8e48fa2ca79ec42cfc1931183f"

[[package]]
name = "wire"
version = "0.1.0"
dependencies = [
 "chrono",
 "identifiers",
 "serde",
 "serde_derive",
 "serde_json",
 "uuid",
]

[[package]]
name = "yew"
version = "0.5.0"
source = "git+https://github.com/DenisKolodin/yew?rev=49319b8c02a8eeb15ed4c8a8761f83adcee856b0#49319b8c02a8eeb15ed4c8a8761f83adcee856b0"
dependencies = [
 "anymap",
 "bincode",
 "failure",
 "http",
 "log",
 "serde",
 "serde_derive",
 "serde_json",
 "slab",
 "stdweb",
]

[[package]]
name = "yew_patterns"
version = "0.1.0"
source = "git+https://github.com/hgzimmerman/yew_patterns?rev=0aac82bb387070a4c40b20e84b33111c704b7e1c#0aac82bb387070a4c40b20e84b33111c704b7e1c"
dependencies = [
 "serde",
 "serde_derive",
 "stdweb",
 "yew",
]

[[package]]
name = "yew_router"
version = "0.1.0"
source = "git+https://github.com/hgzimmerman/YewRouter?rev=08063508edd572273b3d4d62865c4260cea6c0cc#08063508edd572273b3d4d62865c4260cea6c0cc"
dependencies = [
 "log",
 "serde",
 "serde_derive",
 "stdweb",
 "web_logger",
 "yew",
 "yew_patterns",
]
